# THIS IS AN AUTOGENERATED FILE. DO NOT EDIT THIS FILE DIRECTLY.
# yarn lockfile v1


"@types/echarts@^4.9.8":
  version "4.9.8"
  resolved "https://registry.yarnpkg.com/@types/echarts/-/echarts-4.9.8.tgz#a69779ca4755eb29b61387af4e15ec324623f866"
  integrity sha512-ViycwegdqQ+cDPgXtcTOklt3L59QfcKraSbUiHJ3KoaOptZQtWs2+hB9NCLN1UerB5i5a6wlUBprtwnNm5qIfQ==
  dependencies:
    "@types/zrender" "*"

"@types/zrender@*":
  version "4.0.0"
  resolved "https://registry.yarnpkg.com/@types/zrender/-/zrender-4.0.0.tgz#a6806f12ec4eccaaebd9b0d816f049aca6188fbd"
  integrity sha512-s89GOIeKFiod2KSqHkfd2rzx+T2DVu7ihZCBEBnhFrzvQPUmzvDSBot9Fi1DfMQm9Odg+rTqoMGC38RvrwJK2w==

echarts@^5.1.2:
  version "5.1.2"
  resolved "https://registry.yarnpkg.com/echarts/-/echarts-5.1.2.tgz#aa1ab0cef5b74fa2f7c620261a5f286893d30fd1"
  integrity sha512-okUhO4sw22vwZp+rTPNjd/bvTdpug4K4sHNHyrV8NdAncIX9/AarlolFqtJCAYKGFYhUBNjIWu1EznFrSWTFxg==
  dependencies:
    tslib "2.0.3"
    zrender "5.1.1"

tslib@2.0.3:
  version "2.0.3"
  resolved "https://registry.yarnpkg.com/tslib/-/tslib-2.0.3.tgz#8e0741ac45fc0c226e58a17bfc3e64b9bc6ca61c"
  integrity sha512-uZtkfKblCEQtZKBF6EBXVZeQNl82yqtDQdv+eck8u7tdPxjLu2/lp5/uPW+um2tpuxINHWy3GhiccY7QgEaVHQ==

zrender@5.1.1:
  version "5.1.1"
  resolved "https://registry.yarnpkg.com/zrender/-/zrender-5.1.1.tgz#0515f4f8cc0f4742f02a6b8819550a6d13d64c5c"
  integrity sha512-oeWlmUZPQdS9f5hK4pV21tHPqA3wgQ7CkKkw7l0CCBgWlJ/FP+lRgLFtUBW6yam4JX8y9CdHJo1o587VVrbcoQ==
  dependencies:
    tslib "2.0.3"
